// !$*UTF8*$!
{
	archiveVersion = 1;
	classes = {
	};
	objectVersion = 56;
	objects = {

/* Begin PBXBuildFile section */
		BD2890372A40E61F002E1B06 /* ToDoList_HelpApp.swift in Sources */ = {isa = PBXBuildFile; fileRef = BD2890362A40E61F002E1B06 /* ToDoList_HelpApp.swift */; };
		BD2890392A40E61F002E1B06 /* ContentView.swift in Sources */ = {isa = PBXBuildFile; fileRef = BD2890382A40E61F002E1B06 /* ContentView.swift */; };
		BD28903B2A40E622002E1B06 /* Assets.xcassets in Resources */ = {isa = PBXBuildFile; fileRef = BD28903A2A40E622002E1B06 /* Assets.xcassets */; };
		BD28903E2A40E622002E1B06 /* Preview Assets.xcassets in Resources */ = {isa = PBXBuildFile; fileRef = BD28903D2A40E622002E1B06 /* Preview Assets.xcassets */; };
		BD2890452A40E71B002E1B06 /* ToDoItem.swift in Sources */ = {isa = PBXBuildFile; fileRef = BD2890442A40E71B002E1B06 /* ToDoItem.swift */; };
		BD2890472A40E7E0002E1B06 /* README.swift in Sources */ = {isa = PBXBuildFile; fileRef = BD2890462A40E7E0002E1B06 /* README.swift */; };
		BD2890492A40E9BE002E1B06 /* NewToDoView.swift in Sources */ = {isa = PBXBuildFile; fileRef = BD2890482A40E9BD002E1B06 /* NewToDoView.swift */; };
		BD2890512A421D93002E1B06 /* Persistence.swift in Sources */ = {isa = PBXBuildFile; fileRef = BD2890502A421D93002E1B06 /* Persistence.swift */; };
		BD2890D52A42300F002E1B06 /* ToDoList_Help.xcdatamodeld in Sources */ = {isa = PBXBuildFile; fileRef = BD2890D32A42300F002E1B06 /* ToDoList_Help.xcdatamodeld */; };
/* End PBXBuildFile section */

/* Begin PBXFileReference section */
		BD2890332A40E61F002E1B06 /* ToDoList_Help.app */ = {isa = PBXFileReference; explicitFileType = wrapper.application; includeInIndex = 0; path = ToDoList_Help.app; sourceTree = BUILT_PRODUCTS_DIR; };
		BD2890362A40E61F002E1B06 /* ToDoList_HelpApp.swift */ = {isa = PBXFileReference; lastKnownFileType = sourcecode.swift; path = ToDoList_HelpApp.swift; sourceTree = "<group>"; };
		BD2890382A40E61F002E1B06 /* ContentView.swift */ = {isa = PBXFileReference; lastKnownFileType = sourcecode.swift; path = ContentView.swift; sourceTree = "<group>"; };
		BD28903A2A40E622002E1B06 /* Assets.xcassets */ = {isa = PBXFileReference; lastKnownFileType = folder.assetcatalog; path = Assets.xcassets; sourceTree = "<group>"; };
		BD28903D2A40E622002E1B06 /* Preview Assets.xcassets */ = {isa = PBXFileReference; lastKnownFileType = folder.assetcatalog; path = "Preview Assets.xcassets"; sourceTree = "<group>"; };
		BD2890442A40E71B002E1B06 /* ToDoItem.swift */ = {isa = PBXFileReference; lastKnownFileType = sourcecode.swift; path = ToDoItem.swift; sourceTree = "<group>"; };
		BD2890462A40E7E0002E1B06 /* README.swift */ = {isa = PBXFileReference; lastKnownFileType = sourcecode.swift; path = README.swift; sourceTree = "<group>"; };
		BD2890482A40E9BD002E1B06 /* NewToDoView.swift */ = {isa = PBXFileReference; lastKnownFileType = sourcecode.swift; path = NewToDoView.swift; sourceTree = "<group>"; };
		BD2890502A421D93002E1B06 /* Persistence.swift */ = {isa = PBXFileReference; lastKnownFileType = sourcecode.swift; path = Persistence.swift; sourceTree = "<group>"; };
		BD2890D42A42300F002E1B06 /* ToDoList_Help.xcdatamodel */ = {isa = PBXFileReference; lastKnownFileType = wrapper.xcdatamodel; path = ToDoList_Help.xcdatamodel; sourceTree = "<group>"; };
/* End PBXFileReference section */

/* Begin PBXFrameworksBuildPhase section */
		BD2890302A40E61F002E1B06 /* Frameworks */ = {
			isa = PBXFrameworksBuildPhase;
			buildActionMask = 2147483647;
			files = (
			);
			runOnlyForDeploymentPostprocessing = 0;
		};
/* End PBXFrameworksBuildPhase section */

/* Begin PBXGroup section */
		BD28902A2A40E61F002E1B06 = {
			isa = PBXGroup;
			children = (
				BD2890352A40E61F002E1B06 /* ToDoList_Help */,
				BD2890342A40E61F002E1B06 /* Products */,
			);
			sourceTree = "<group>";
		};
		BD2890342A40E61F002E1B06 /* Products */ = {
			isa = PBXGroup;
			children = (
				BD2890332A40E61F002E1B06 /* ToDoList_Help.app */,
			);
			name = Products;
			sourceTree = "<group>";
		};
		BD2890352A40E61F002E1B06 /* ToDoList_Help */ = {
			isa = PBXGroup;
			children = (
				BD2890462A40E7E0002E1B06 /* README.swift */,
				BD2890362A40E61F002E1B06 /* ToDoList_HelpApp.swift */,
				BD2890382A40E61F002E1B06 /* ContentView.swift */,
				BD2890482A40E9BD002E1B06 /* NewToDoView.swift */,
				BD2890442A40E71B002E1B06 /* ToDoItem.swift */,
				BD2890502A421D93002E1B06 /* Persistence.swift */,
				BD28903A2A40E622002E1B06 /* Assets.xcassets */,
				BD28903C2A40E622002E1B06 /* Preview Content */,
				BD2890D32A42300F002E1B06 /* ToDoList_Help.xcdatamodeld */,
			);
			path = ToDoList_Help;
			sourceTree = "<group>";
		};
		BD28903C2A40E622002E1B06 /* Preview Content */ = {
			isa = PBXGroup;
			children = (
				BD28903D2A40E622002E1B06 /* Preview Assets.xcassets */,
			);
			path = "Preview Content";
			sourceTree = "<group>";
		};
/* End PBXGroup section */

/* Begin PBXNativeTarget section */
		BD2890322A40E61F002E1B06 /* ToDoList_Help */ = {
			isa = PBXNativeTarget;
			buildConfigurationList = BD2890412A40E622002E1B06 /* Build configuration list for PBXNativeTarget "ToDoList_Help" */;
			buildPhases = (
				BD28902F2A40E61F002E1B06 /* Sources */,
				BD2890302A40E61F002E1B06 /* Frameworks */,
				BD2890312A40E61F002E1B06 /* Resources */,
			);
			buildRules = (
			);
			dependencies = (
			);
			name = ToDoList_Help;
			productName = ToDoList_Help;
			productReference = BD2890332A40E61F002E1B06 /* ToDoList_Help.app */;
			productType = "com.apple.product-type.application";
		};
/* End PBXNativeTarget section */

/* Begin PBXProject section */
		BD28902B2A40E61F002E1B06 /* Project object */ = {
			isa = PBXProject;
			attributes = {
				BuildIndependentTargetsInParallel = 1;
				LastSwiftUpdateCheck = 1430;
				LastUpgradeCheck = 1430;
				TargetAttributes = {
					BD2890322A40E61F002E1B06 = {
						CreatedOnToolsVersion = 14.3;
					};
				};
			};
			buildConfigurationList = BD28902E2A40E61F002E1B06 /* Build configuration list for PBXProject "ToDoList_Help" */;
			compatibilityVersion = "Xcode 14.0";
			developmentRegion = en;
			hasScannedForEncodings = 0;
			knownRegions = (
				en,
				Base,
			);
			mainGroup = BD28902A2A40E61F002E1B06;
			productRefGroup = BD2890342A40E61F002E1B06 /* Products */;
			projectDirPath = "";
			projectRoot = "";
			targets = (
				BD2890322A40E61F002E1B06 /* ToDoList_Help */,
			);
		};
/* End PBXProject section */

/* Begin PBXResourcesBuildPhase section */
		BD2890312A40E61F002E1B06 /* Resources */ = {
			isa = PBXResourcesBuildPhase;
			buildActionMask = 2147483647;
			files = (
				BD28903E2A40E622002E1B06 /* Preview Assets.xcassets in Resources */,
				BD28903B2A40E622002E1B06 /* Assets.xcassets in Resources */,
			);
			runOnlyForDeploymentPostprocessing = 0;
		};
/* End PBXResourcesBuildPhase section */

/* Begin PBXSourcesBuildPhase section */
		BD28902F2A40E61F002E1B06 /* Sources */ = {
			isa = PBXSourcesBuildPhase;
			buildActionMask = 2147483647;
			files = (
				BD2890492A40E9BE002E1B06 /* NewToDoView.swift in Sources */,
				BD2890392A40E61F002E1B06 /* ContentView.swift in Sources */,
				BD2890472A40E7E0002E1B06 /* README.swift in Sources */,
				BD2890512A421D93002E1B06 /* Persistence.swift in Sources */,
				BD2890372A40E61F002E1B06 /* ToDoList_HelpApp.swift in Sources */,
				BD2890452A40E71B002E1B06 /* ToDoItem.swift in Sources */,
				BD2890D52A42300F002E1B06 /* ToDoList_Help.xcdatamodeld in Sources */,
			);
			runOnlyForDeploymentPostprocessing = 0;
		};
/* End PBXSourcesBuildPhase section */

/* Begin XCBuildConfiguration section */
		BD28903F2A40E622002E1B06 /* Debug */ = {
			isa = XCBuildConfiguration;
			buildSettings = {
				ALWAYS_SEARCH_USER_PATHS = NO;
				CLANG_ANALYZER_NONNULL = YES;
				CLANG_ANALYZER_NUMBER_OBJECT_CONVERSION = YES_AGGRESSIVE;
				CLANG_CXX_LANGUAGE_STANDARD = "gnu++20";
				CLANG_ENABLE_MODULES = YES;
				CLANG_ENABLE_OBJC_ARC = YES;
				CLANG_ENABLE_OBJC_WEAK = YES;
				CLANG_WARN_BLOCK_CAPTURE_AUTORELEASING = YES;
				CLANG_WARN_BOOL_CONVERSION = YES;
				CLANG_WARN_COMMA = YES;
				CLANG_WARN_CONSTANT_CONVERSION = YES;
				CLANG_WARN_DEPRECATED_OBJC_IMPLEMENTATIONS = YES;
				CLANG_WARN_DIRECT_OBJC_ISA_USAGE = YES_ERROR;
				CLANG_WARN_DOCUMENTATION_COMMENTS = YES;
				CLANG_WARN_EMPTY_BODY = YES;
				CLANG_WARN_ENUM_CONVERSION = YES;
				CLANG_WARN_INFINITE_RECURSION = YES;
				CLANG_WARN_INT_CONVERSION = YES;
				CLANG_WARN_NON_LITERAL_NULL_CONVERSION = YES;
				CLANG_WARN_OBJC_IMPLICIT_RETAIN_SELF = YES;
				CLANG_WARN_OBJC_LITERAL_CONVERSION = YES;
				CLANG_WARN_OBJC_ROOT_CLASS = YES_ERROR;
				CLANG_WARN_QUOTED_INCLUDE_IN_FRAMEWORK_HEADER = YES;
				CLANG_WARN_RANGE_LOOP_ANALYSIS = YES;
				CLANG_WARN_STRICT_PROTOTYPES = YES;
				CLANG_WARN_SUSPICIOUS_MOVE = YES;
				CLANG_WARN_UNGUARDED_AVAILABILITY = YES_AGGRESSIVE;
				CLANG_WARN_UNREACHABLE_CODE = YES;
				CLANG_WARN__DUPLICATE_METHOD_MATCH = YES;
				COPY_PHASE_STRIP = NO;
				DEBUG_INFORMATION_FORMAT = dwarf;
				ENABLE_STRICT_OBJC_MSGSEND = YES;
				ENABLE_TESTABILITY = YES;
				GCC_C_LANGUAGE_STANDARD = gnu11;
				GCC_DYNAMIC_NO_PIC = NO;
				GCC_NO_COMMON_BLOCKS = YES;
				GCC_OPTIMIZATION_LEVEL = 0;
				GCC_PREPROCESSOR_DEFINITIONS = (
					"DEBUG=1",
					"$(inherited)",
				);
				GCC_WARN_64_TO_32_BIT_CONVERSION = YES;
				GCC_WARN_ABOUT_RETURN_TYPE = YES_ERROR;
				GCC_WARN_UNDECLARED_SELECTOR = YES;
				GCC_WARN_UNINITIALIZED_AUTOS = YES_AGGRESSIVE;
				GCC_WARN_UNUSED_FUNCTION = YES;
				GCC_WARN_UNUSED_VARIABLE = YES;
				IPHONEOS_DEPLOYMENT_TARGET = 16.4;
				MTL_ENABLE_DEBUG_INFO = INCLUDE_SOURCE;
				MTL_FAST_MATH = YES;
				ONLY_ACTIVE_ARCH = YES;
				SDKROOT = iphoneos;
				SWIFT_ACTIVE_COMPILATION_CONDITIONS = DEBUG;
				SWIFT_OPTIMIZATION_LEVEL = "-Onone";
			};
			name = Debug;
		};
		BD2890402A40E622002E1B06 /* Release */ = {
			isa = XCBuildConfiguration;
			buildSettings = {
				ALWAYS_SEARCH_USER_PATHS = NO;
				CLANG_ANALYZER_NONNULL = YES;
				CLANG_ANALYZER_NUMBER_OBJECT_CONVERSION = YES_AGGRESSIVE;
				CLANG_CXX_LANGUAGE_STANDARD = "gnu++20";
				CLANG_ENABLE_MODULES = YES;
				CLANG_ENABLE_OBJC_ARC = YES;
				CLANG_ENABLE_OBJC_WEAK = YES;
				CLANG_WARN_BLOCK_CAPTURE_AUTORELEASING = YES;
				CLANG_WARN_BOOL_CONVERSION = YES;
				CLANG_WARN_COMMA = YES;
				CLANG_WARN_CONSTANT_CONVERSION = YES;
				CLANG_WARN_DEPRECATED_OBJC_IMPLEMENTATIONS = YES;
				CLANG_WARN_DIRECT_OBJC_ISA_USAGE = YES_ERROR;
				CLANG_WARN_DOCUMENTATION_COMMENTS = YES;
				CLANG_WARN_EMPTY_BODY = YES;
				CLANG_WARN_ENUM_CONVERSION = YES;
				CLANG_WARN_INFINITE_RECURSION = YES;
				CLANG_WARN_INT_CONVERSION = YES;
				CLANG_WARN_NON_LITERAL_NULL_CONVERSION = YES;
				CLANG_WARN_OBJC_IMPLICIT_RETAIN_SELF = YES;
				CLANG_WARN_OBJC_LITERAL_CONVERSION = YES;
				CLANG_WARN_OBJC_ROOT_CLASS = YES_ERROR;
				CLANG_WARN_QUOTED_INCLUDE_IN_FRAMEWORK_HEADER = YES;
				CLANG_WARN_RANGE_LOOP_ANALYSIS = YES;
				CLANG_WARN_STRICT_PROTOTYPES = YES;
				CLANG_WARN_SUSPICIOUS_MOVE = YES;
				CLANG_WARN_UNGUARDED_AVAILABILITY = YES_AGGRESSIVE;
				CLANG_WARN_UNREACHABLE_CODE = YES;
				CLANG_WARN__DUPLICATE_METHOD_MATCH = YES;
				COPY_PHASE_STRIP = NO;
				DEBUG_INFORMATION_FORMAT = "dwarf-with-dsym";
				ENABLE_NS_ASSERTIONS = NO;
				ENABLE_STRICT_OBJC_MSGSEND = YES;
				GCC_C_LANGUAGE_STANDARD = gnu11;
				GCC_NO_COMMON_BLOCKS = YES;
				GCC_WARN_64_TO_32_BIT_CONVERSION = YES;
				GCC_WARN_ABOUT_RETURN_TYPE = YES_ERROR;
				GCC_WARN_UNDECLARED_SELECTOR = YES;
				GCC_WARN_UNINITIALIZED_AUTOS = YES_AGGRESSIVE;
				GCC_WARN_UNUSED_FUNCTION = YES;
				GCC_WARN_UNUSED_VARIABLE = YES;
				IPHONEOS_DEPLOYMENT_TARGET = 16.4;
				MTL_ENABLE_DEBUG_INFO = NO;
				MTL_FAST_MATH = YES;
				SDKROOT = iphoneos;
				SWIFT_COMPILATION_MODE = wholemodule;
				SWIFT_OPTIMIZATION_LEVEL = "-O";
				VALIDATE_PRODUCT = YES;
			};
			name = Release;
		};
		BD2890422A40E622002E1B06 /* Debug */ = {
			isa = XCBuildConfiguration;
			buildSettings = {
				ASSETCATALOG_COMPILER_APPICON_NAME = AppIcon;
				ASSETCATALOG_COMPILER_GLOBAL_ACCENT_COLOR_NAME = AccentColor;
				CODE_SIGN_STYLE = Automatic;
				CURRENT_PROJECT_VERSION = 1;
				DEVELOPMENT_ASSET_PATHS = "\"ToDoList_Help/Preview Content\"";
				DEVELOPMENT_TEAM = 5MS5F38VQ8;
				ENABLE_PREVIEWS = YES;
				GENERATE_INFOPLIST_FILE = YES;
				INFOPLIST_KEY_UIApplicationSceneManifest_Generation = YES;
				INFOPLIST_KEY_UIApplicationSupportsIndirectInputEvents = YES;
				INFOPLIST_KEY_UILaunchScreen_Generation = YES;
				INFOPLIST_KEY_UISupportedInterfaceOrientations_iPad = "UIInterfaceOrientationPortrait UIInterfaceOrientationPortraitUpsideDown UIInterfaceOrientationLandscapeLeft UIInterfaceOrientationLandscapeRight";
				INFOPLIST_KEY_UISupportedInterfaceOrientations_iPhone = "UIInterfaceOrientationPortrait UIInterfaceOrientationLandscapeLeft UIInterfaceOrientationLandscapeRight";
				LD_RUNPATH_SEARCH_PATHS = (
					"$(inherited)",
					"@executable_path/Frameworks",
				);
				MARKETING_VERSION = 1.0;
				PRODUCT_BUNDLE_IDENTIFIER = "kwk.ToDoList-Help";
				PRODUCT_NAME = "$(TARGET_NAME)";
				SWIFT_EMIT_LOC_STRINGS = YES;
				SWIFT_VERSION = 5.0;
				TARGETED_DEVICE_FAMILY = "1,2";
			};
			name = Debug;
		};
		BD2890432A40E622002E1B06 /* Release */ = {
			isa = XCBuildConfiguration;
			buildSettings = {
				ASSETCATALOG_COMPILER_APPICON_NAME = AppIcon;
				ASSETCATALOG_COMPILER_GLOBAL_ACCENT_COLOR_NAME = AccentColor;
				CODE_SIGN_STYLE = Automatic;
				CURRENT_PROJECT_VERSION = 1;
				DEVELOPMENT_ASSET_PATHS = "\"ToDoList_Help/Preview Content\"";
				DEVELOPMENT_TEAM = 5MS5F38VQ8;
				ENABLE_PREVIEWS = YES;
				GENERATE_INFOPLIST_FILE = YES;
				INFOPLIST_KEY_UIApplicationSceneManifest_Generation = YES;
				INFOPLIST_KEY_UIApplicationSupportsIndirectInputEvents = YES;
				INFOPLIST_KEY_UILaunchScreen_Generation = YES;
				INFOPLIST_KEY_UISupportedInterfaceOrientations_iPad = "UIInterfaceOrientationPortrait UIInterfaceOrientationPortraitUpsideDown UIInterfaceOrientationLandscapeLeft UIInterfaceOrientationLandscapeRight";
				INFOPLIST_KEY_UISupportedInterfaceOrientations_iPhone = "UIInterfaceOrientationPortrait UIInterfaceOrientationLandscapeLeft UIInterfaceOrientationLandscapeRight";
				LD_RUNPATH_SEARCH_PATHS = (
					"$(inherited)",
					"@executable_path/Frameworks",
				);
				MARKETING_VERSION = 1.0;
				PRODUCT_BUNDLE_IDENTIFIER = "kwk.ToDoList-Help";
				PRODUCT_NAME = "$(TARGET_NAME)";
				SWIFT_EMIT_LOC_STRINGS = YES;
				SWIFT_VERSION = 5.0;
				TARGETED_DEVICE_FAMILY = "1,2";
			};
			name = Release;
		};
/* End XCBuildConfiguration section */

/* Begin XCConfigurationList section */
		BD28902E2A40E61F002E1B06 /* Build configuration list for PBXProject "ToDoList_Help" */ = {
			isa = XCConfigurationList;
			buildConfigurations = (
				BD28903F2A40E622002E1B06 /* Debug */,
				BD2890402A40E622002E1B06 /* Release */,
			);
			defaultConfigurationIsVisible = 0;
			defaultConfigurationName = Release;
		};
		BD2890412A40E622002E1B06 /* Build configuration list for PBXNativeTarget "ToDoList_Help" */ = {
			isa = XCConfigurationList;
			buildConfigurations = (
				BD2890422A40E622002E1B06 /* Debug */,
				BD2890432A40E622002E1B06 /* Release */,
			);
			defaultConfigurationIsVisible = 0;
			defaultConfigurationName = Release;
		};
/* End XCConfigurationList section */

/* Begin XCVersionGroup section */
		BD2890D32A42300F002E1B06 /* ToDoList_Help.xcdatamodeld */ = {
			isa = XCVersionGroup;
			children = (
				BD2890D42A42300F002E1B06 /* ToDoList_Help.xcdatamodel */,
			);
			currentVersion = BD2890D42A42300F002E1B06 /* ToDoList_Help.xcdatamodel */;
			path = ToDoList_Help.xcdatamodeld;
			sourceTree = "<group>";
			versionGroupType = wrapper.xcdatamodel;
		};
/* End XCVersionGroup section */
	};
	rootObject = BD28902B2A40E61F002E1B06 /* Project object */;
}
